
Microsoft Visual Studio Solution File, Format Version 12.00
# Visual Studio Version 16
VisualStudioVersion = 16.0.29006.145
MinimumVisualStudioVersion = 10.0.40219.1
Project("{FAE04EC0-301F-11D3-BF4B-00C04F79EFBC}") = "gRPCHost", "gRPCHost\gRPCHost.csproj", "{0E3F97E0-572E-4C3F-88C7-68FA7CAE8EC6}"
EndProject
Project("{FAE04EC0-301F-11D3-BF4B-00C04F79EFBC}") = "gRPCClient", "gRPCClient\gRPCClient.csproj", "{2075E484-ECFE-4A98-AA70-C3939B83CCE7}"
EndProject
Global
	GlobalSection(SolutionConfigurationPlatforms) = preSolution
		Debug|Any CPU = Debug|Any CPU
		Release|Any CPU = Release|Any CPU
	EndGlobalSection
	GlobalSection(ProjectConfigurationPlatforms) = postSolution
		{0E3F97E0-572E-4C3F-88C7-68FA7CAE8EC6}.Debug|Any CPU.ActiveCfg = Debug|Any CPU
		{0E3F97E0-572E-4C3F-88C7-68FA7CAE8EC6}.Debug|Any CPU.Build.0 = Debug|Any CPU
		{0E3F97E0-572E-4C3F-88C7-68FA7CAE8EC6}.Release|Any CPU.ActiveCfg = Release|Any CPU
		{0E3F97E0-572E-4C3F-88C7-68FA7CAE8EC6}.Release|Any CPU.Build.0 = Release|Any CPU
		{2075E484-ECFE-4A98-AA70-C3939B83CCE7}.Debug|Any CPU.ActiveCfg = Debug|Any CPU
		{2075E484-ECFE-4A98-AA70-C3939B83CCE7}.Debug|Any CPU.Build.0 = Debug|Any CPU
		{2075E484-ECFE-4A98-AA70-C3939B83CCE7}.Release|Any CPU.ActiveCfg = Release|Any CPU
		{2075E484-ECFE-4A98-AA70-C3939B83CCE7}.Release|Any CPU.Build.0 = Release|Any CPU
	EndGlobalSection
	GlobalSection(SolutionProperties) = preSolution
		HideSolutionNode = FALSE
	EndGlobalSection
	GlobalSection(ExtensibilityGlobals) = postSolution
		SolutionGuid = {EE2B3A8F-96C2-4F3D-86F7-00545A380C69}
	EndGlobalSection
EndGlobal
